// !$*UTF8*$!
{
	archiveVersion = 1;
	classes = {
	};
	objectVersion = 46;
	objects = {

/* Begin PBXBuildFile section */
		2536627919BE9A1800A1EF0F /* Foundation.framework in Frameworks */ = {isa = PBXBuildFile; fileRef = 2536627819BE9A1800A1EF0F /* Foundation.framework */; };
		2536627B19BE9A1800A1EF0F /* CoreGraphics.framework in Frameworks */ = {isa = PBXBuildFile; fileRef = 2536627A19BE9A1800A1EF0F /* CoreGraphics.framework */; };
		2536627D19BE9A1800A1EF0F /* UIKit.framework in Frameworks */ = {isa = PBXBuildFile; fileRef = 2536627C19BE9A1800A1EF0F /* UIKit.framework */; };
		2536628319BE9A1800A1EF0F /* InfoPlist.strings in Resources */ = {isa = PBXBuildFile; fileRef = 2536628119BE9A1800A1EF0F /* InfoPlist.strings */; };
		2536628519BE9A1800A1EF0F /* main.m in Sources */ = {isa = PBXBuildFile; fileRef = 2536628419BE9A1800A1EF0F /* main.m */; };
		2536628919BE9A1800A1EF0F /* AppDelegate.m in Sources */ = {isa = PBXBuildFile; fileRef = 2536628819BE9A1800A1EF0F /* AppDelegate.m */; };
		2536628C19BE9A1800A1EF0F /* Main.storyboard in Resources */ = {isa = PBXBuildFile; fileRef = 2536628A19BE9A1800A1EF0F /* Main.storyboard */; };
		2536628F19BE9A1800A1EF0F /* ViewController.m in Sources */ = {isa = PBXBuildFile; fileRef = 2536628E19BE9A1800A1EF0F /* ViewController.m */; };
		2536629119BE9A1800A1EF0F /* Images.xcassets in Resources */ = {isa = PBXBuildFile; fileRef = 2536629019BE9A1800A1EF0F /* Images.xcassets */; };
		2536629819BE9A1900A1EF0F /* XCTest.framework in Frameworks */ = {isa = PBXBuildFile; fileRef = 2536629719BE9A1900A1EF0F /* XCTest.framework */; };
		2536629919BE9A1900A1EF0F /* Foundation.framework in Frameworks */ = {isa = PBXBuildFile; fileRef = 2536627819BE9A1800A1EF0F /* Foundation.framework */; };
		2536629A19BE9A1900A1EF0F /* UIKit.framework in Frameworks */ = {isa = PBXBuildFile; fileRef = 2536627C19BE9A1800A1EF0F /* UIKit.framework */; };
		253662A219BE9A1900A1EF0F /* InfoPlist.strings in Resources */ = {isa = PBXBuildFile; fileRef = 253662A019BE9A1900A1EF0F /* InfoPlist.strings */; };
		253662A419BE9A1900A1EF0F /* ______Tests.m in Sources */ = {isa = PBXBuildFile; fileRef = 253662A319BE9A1900A1EF0F /* ______Tests.m */; };
/* End PBXBuildFile section */

/* Begin PBXContainerItemProxy section */
		2536629B19BE9A1900A1EF0F /* PBXContainerItemProxy */ = {
			isa = PBXContainerItemProxy;
			containerPortal = 2536626D19BE9A1800A1EF0F /* Project object */;
			proxyType = 1;
			remoteGlobalIDString = 2536627419BE9A1800A1EF0F;
			remoteInfo = "数字金额转换";
		};
/* End PBXContainerItemProxy section */

/* Begin PBXFileReference section */
		2536627519BE9A1800A1EF0F /* 数字金额转换.app */ = {isa = PBXFileReference; explicitFileType = wrapper.application; includeInIndex = 0; path = "数字金额转换.app"; sourceTree = BUILT_PRODUCTS_DIR; };
		2536627819BE9A1800A1EF0F /* Foundation.framework */ = {isa = PBXFileReference; lastKnownFileType = wrapper.framework; name = Foundation.framework; path = System/Library/Frameworks/Foundation.framework; sourceTree = SDKROOT; };
		2536627A19BE9A1800A1EF0F /* CoreGraphics.framework */ = {isa = PBXFileReference; lastKnownFileType = wrapper.framework; name = CoreGraphics.framework; path = System/Library/Frameworks/CoreGraphics.framework; sourceTree = SDKROOT; };
		2536627C19BE9A1800A1EF0F /* UIKit.framework */ = {isa = PBXFileReference; lastKnownFileType = wrapper.framework; name = UIKit.framework; path = System/Library/Frameworks/UIKit.framework; sourceTree = SDKROOT; };
		2536628019BE9A1800A1EF0F /* 数字金额转换-Info.plist */ = {isa = PBXFileReference; lastKnownFileType = text.plist.xml; path = "数字金额转换-Info.plist"; sourceTree = "<group>"; };
		2536628219BE9A1800A1EF0F /* en */ = {isa = PBXFileReference; lastKnownFileType = text.plist.strings; name = en; path = en.lproj/InfoPlist.strings; sourceTree = "<group>"; };
		2536628419BE9A1800A1EF0F /* main.m */ = {isa = PBXFileReference; lastKnownFileType = sourcecode.c.objc; path = main.m; sourceTree = "<group>"; };
		2536628619BE9A1800A1EF0F /* 数字金额转换-Prefix.pch */ = {isa = PBXFileReference; lastKnownFileType = sourcecode.c.h; path = "数字金额转换-Prefix.pch"; sourceTree = "<group>"; };
		2536628719BE9A1800A1EF0F /* AppDelegate.h */ = {isa = PBXFileReference; lastKnownFileType = sourcecode.c.h; path = AppDelegate.h; sourceTree = "<group>"; };
		2536628819BE9A1800A1EF0F /* AppDelegate.m */ = {isa = PBXFileReference; lastKnownFileType = sourcecode.c.objc; path = AppDelegate.m; sourceTree = "<group>"; };
		2536628B19BE9A1800A1EF0F /* Base */ = {isa = PBXFileReference; lastKnownFileType = file.storyboard; name = Base; path = Base.lproj/Main.storyboard; sourceTree = "<group>"; };
		2536628D19BE9A1800A1EF0F /* ViewController.h */ = {isa = PBXFileReference; lastKnownFileType = sourcecode.c.h; path = ViewController.h; sourceTree = "<group>"; };
		2536628E19BE9A1800A1EF0F /* ViewController.m */ = {isa = PBXFileReference; lastKnownFileType = sourcecode.c.objc; path = ViewController.m; sourceTree = "<group>"; };
		2536629019BE9A1800A1EF0F /* Images.xcassets */ = {isa = PBXFileReference; lastKnownFileType = folder.assetcatalog; path = Images.xcassets; sourceTree = "<group>"; };
		2536629619BE9A1900A1EF0F /* 数字金额转换Tests.xctest */ = {isa = PBXFileReference; explicitFileType = wrapper.cfbundle; includeInIndex = 0; path = "数字金额转换Tests.xctest"; sourceTree = BUILT_PRODUCTS_DIR; };
		2536629719BE9A1900A1EF0F /* XCTest.framework */ = {isa = PBXFileReference; lastKnownFileType = wrapper.framework; name = XCTest.framework; path = System/Library/Frameworks/XCTest.framework; sourceTree = SDKROOT; };
		2536629F19BE9A1900A1EF0F /* 数字金额转换Tests-Info.plist */ = {isa = PBXFileReference; lastKnownFileType = text.plist.xml; path = "数字金额转换Tests-Info.plist"; sourceTree = "<group>"; };
		253662A119BE9A1900A1EF0F /* en */ = {isa = PBXFileReference; lastKnownFileType = text.plist.strings; name = en; path = en.lproj/InfoPlist.strings; sourceTree = "<group>"; };
		253662A319BE9A1900A1EF0F /* ______Tests.m */ = {isa = PBXFileReference; lastKnownFileType = sourcecode.c.objc; path = "______Tests.m"; sourceTree = "<group>"; };
/* End PBXFileReference section */

/* Begin PBXFrameworksBuildPhase section */
		2536627219BE9A1800A1EF0F /* Frameworks */ = {
			isa = PBXFrameworksBuildPhase;
			buildActionMask = 2147483647;
			files = (
				2536627B19BE9A1800A1EF0F /* CoreGraphics.framework in Frameworks */,
				2536627D19BE9A1800A1EF0F /* UIKit.framework in Frameworks */,
				2536627919BE9A1800A1EF0F /* Foundation.framework in Frameworks */,
			);
			runOnlyForDeploymentPostprocessing = 0;
		};
		2536629319BE9A1900A1EF0F /* Frameworks */ = {
			isa = PBXFrameworksBuildPhase;
			buildActionMask = 2147483647;
			files = (
				2536629819BE9A1900A1EF0F /* XCTest.framework in Frameworks */,
				2536629A19BE9A1900A1EF0F /* UIKit.framework in Frameworks */,
				2536629919BE9A1900A1EF0F /* Foundation.framework in Frameworks */,
			);
			runOnlyForDeploymentPostprocessing = 0;
		};
/* End PBXFrameworksBuildPhase section */

/* Begin PBXGroup section */
		2536626C19BE9A1800A1EF0F = {
			isa = PBXGroup;
			children = (
				2536627E19BE9A1800A1EF0F /* 数字金额转换 */,
				2536629D19BE9A1900A1EF0F /* 数字金额转换Tests */,
				2536627719BE9A1800A1EF0F /* Frameworks */,
				2536627619BE9A1800A1EF0F /* Products */,
			);
			sourceTree = "<group>";
		};
		2536627619BE9A1800A1EF0F /* Products */ = {
			isa = PBXGroup;
			children = (
				2536627519BE9A1800A1EF0F /* 数字金额转换.app */,
				2536629619BE9A1900A1EF0F /* 数字金额转换Tests.xctest */,
			);
			name = Products;
			sourceTree = "<group>";
		};
		2536627719BE9A1800A1EF0F /* Frameworks */ = {
			isa = PBXGroup;
			children = (
				2536627819BE9A1800A1EF0F /* Foundation.framework */,
				2536627A19BE9A1800A1EF0F /* CoreGraphics.framework */,
				2536627C19BE9A1800A1EF0F /* UIKit.framework */,
				2536629719BE9A1900A1EF0F /* XCTest.framework */,
			);
			name = Frameworks;
			sourceTree = "<group>";
		};
		2536627E19BE9A1800A1EF0F /* 数字金额转换 */ = {
			isa = PBXGroup;
			children = (
				2536628719BE9A1800A1EF0F /* AppDelegate.h */,
				2536628819BE9A1800A1EF0F /* AppDelegate.m */,
				2536628A19BE9A1800A1EF0F /* Main.storyboard */,
				2536628D19BE9A1800A1EF0F /* ViewController.h */,
				2536628E19BE9A1800A1EF0F /* ViewController.m */,
				2536629019BE9A1800A1EF0F /* Images.xcassets */,
				2536627F19BE9A1800A1EF0F /* Supporting Files */,
			);
			path = "数字金额转换";
			sourceTree = "<group>";
		};
		2536627F19BE9A1800A1EF0F /* Supporting Files */ = {
			isa = PBXGroup;
			children = (
				2536628019BE9A1800A1EF0F /* 数字金额转换-Info.plist */,
				2536628119BE9A1800A1EF0F /* InfoPlist.strings */,
				2536628419BE9A1800A1EF0F /* main.m */,
				2536628619BE9A1800A1EF0F /* 数字金额转换-Prefix.pch */,
			);
			name = "Supporting Files";
			sourceTree = "<group>";
		};
		2536629D19BE9A1900A1EF0F /* 数字金额转换Tests */ = {
			isa = PBXGroup;
			children = (
				253662A319BE9A1900A1EF0F /* ______Tests.m */,
				2536629E19BE9A1900A1EF0F /* Supporting Files */,
			);
			path = "数字金额转换Tests";
			sourceTree = "<group>";
		};
		2536629E19BE9A1900A1EF0F /* Supporting Files */ = {
			isa = PBXGroup;
			children = (
				2536629F19BE9A1900A1EF0F /* 数字金额转换Tests-Info.plist */,
				253662A019BE9A1900A1EF0F /* InfoPlist.strings */,
			);
			name = "Supporting Files";
			sourceTree = "<group>";
		};
/* End PBXGroup section */

/* Begin PBXNativeTarget section */
		2536627419BE9A1800A1EF0F /* 数字金额转换 */ = {
			isa = PBXNativeTarget;
			buildConfigurationList = 253662A719BE9A1900A1EF0F /* Build configuration list for PBXNativeTarget "数字金额转换" */;
			buildPhases = (
				2536627119BE9A1800A1EF0F /* Sources */,
				2536627219BE9A1800A1EF0F /* Frameworks */,
				2536627319BE9A1800A1EF0F /* Resources */,
			);
			buildRules = (
			);
			dependencies = (
			);
			name = "数字金额转换";
			productName = "数字金额转换";
			productReference = 2536627519BE9A1800A1EF0F /* 数字金额转换.app */;
			productType = "com.apple.product-type.application";
		};
		2536629519BE9A1900A1EF0F /* 数字金额转换Tests */ = {
			isa = PBXNativeTarget;
			buildConfigurationList = 253662AA19BE9A1900A1EF0F /* Build configuration list for PBXNativeTarget "数字金额转换Tests" */;
			buildPhases = (
				2536629219BE9A1900A1EF0F /* Sources */,
				2536629319BE9A1900A1EF0F /* Frameworks */,
				2536629419BE9A1900A1EF0F /* Resources */,
			);
			buildRules = (
			);
			dependencies = (
				2536629C19BE9A1900A1EF0F /* PBXTargetDependency */,
			);
			name = "数字金额转换Tests";
			productName = "数字金额转换Tests";
			productReference = 2536629619BE9A1900A1EF0F /* 数字金额转换Tests.xctest */;
			productType = "com.apple.product-type.bundle.unit-test";
		};
/* End PBXNativeTarget section */

/* Begin PBXProject section */
		2536626D19BE9A1800A1EF0F /* Project object */ = {
			isa = PBXProject;
			attributes = {
				LastUpgradeCheck = 0510;
				ORGANIZATIONNAME = BLAKE;
				TargetAttributes = {
					2536629519BE9A1900A1EF0F = {
						TestTargetID = 2536627419BE9A1800A1EF0F;
					};
				};
			};
			buildConfigurationList = 2536627019BE9A1800A1EF0F /* Build configuration list for PBXProject "数字金额转换" */;
			compatibilityVersion = "Xcode 3.2";
			developmentRegion = English;
			hasScannedForEncodings = 0;
			knownRegions = (
				en,
				Base,
			);
			mainGroup = 2536626C19BE9A1800A1EF0F;
			productRefGroup = 2536627619BE9A1800A1EF0F /* Products */;
			projectDirPath = "";
			projectRoot = "";
			targets = (
				2536627419BE9A1800A1EF0F /* 数字金额转换 */,
				2536629519BE9A1900A1EF0F /* 数字金额转换Tests */,
			);
		};
/* End PBXProject section */

/* Begin PBXResourcesBuildPhase section */
		2536627319BE9A1800A1EF0F /* Resources */ = {
			isa = PBXResourcesBuildPhase;
			buildActionMask = 2147483647;
			files = (
				2536629119BE9A1800A1EF0F /* Images.xcassets in Resources */,
				2536628319BE9A1800A1EF0F /* InfoPlist.strings in Resources */,
				2536628C19BE9A1800A1EF0F /* Main.storyboard in Resources */,
			);
			runOnlyForDeploymentPostprocessing = 0;
		};
		2536629419BE9A1900A1EF0F /* Resources */ = {
			isa = PBXResourcesBuildPhase;
			buildActionMask = 2147483647;
			files = (
				253662A219BE9A1900A1EF0F /* InfoPlist.strings in Resources */,
			);
			runOnlyForDeploymentPostprocessing = 0;
		};
/* End PBXResourcesBuildPhase section */

/* Begin PBXSourcesBuildPhase section */
		2536627119BE9A1800A1EF0F /* Sources */ = {
			isa = PBXSourcesBuildPhase;
			buildActionMask = 2147483647;
			files = (
				2536628F19BE9A1800A1EF0F /* ViewController.m in Sources */,
				2536628919BE9A1800A1EF0F /* AppDelegate.m in Sources */,
				2536628519BE9A1800A1EF0F /* main.m in Sources */,
			);
			runOnlyForDeploymentPostprocessing = 0;
		};
		2536629219BE9A1900A1EF0F /* Sources */ = {
			isa = PBXSourcesBuildPhase;
			buildActionMask = 2147483647;
			files = (
				253662A419BE9A1900A1EF0F /* ______Tests.m in Sources */,
			);
			runOnlyForDeploymentPostprocessing = 0;
		};
/* End PBXSourcesBuildPhase section */

/* Begin PBXTargetDependency section */
		2536629C19BE9A1900A1EF0F /* PBXTargetDependency */ = {
			isa = PBXTargetDependency;
			target = 2536627419BE9A1800A1EF0F /* 数字金额转换 */;
			targetProxy = 2536629B19BE9A1900A1EF0F /* PBXContainerItemProxy */;
		};
/* End PBXTargetDependency section */

/* Begin PBXVariantGroup section */
		2536628119BE9A1800A1EF0F /* InfoPlist.strings */ = {
			isa = PBXVariantGroup;
			children = (
				2536628219BE9A1800A1EF0F /* en */,
			);
			name = InfoPlist.strings;
			sourceTree = "<group>";
		};
		2536628A19BE9A1800A1EF0F /* Main.storyboard */ = {
			isa = PBXVariantGroup;
			children = (
				2536628B19BE9A1800A1EF0F /* Base */,
			);
			name = Main.storyboard;
			sourceTree = "<group>";
		};
		253662A019BE9A1900A1EF0F /* InfoPlist.strings */ = {
			isa = PBXVariantGroup;
			children = (
				253662A119BE9A1900A1EF0F /* en */,
			);
			name = InfoPlist.strings;
			sourceTree = "<group>";
		};
/* End PBXVariantGroup section */

/* Begin XCBuildConfiguration section */
		253662A519BE9A1900A1EF0F /* Debug */ = {
			isa = XCBuildConfiguration;
			buildSettings = {
				ALWAYS_SEARCH_USER_PATHS = NO;
				CLANG_CXX_LANGUAGE_STANDARD = "gnu++0x";
				CLANG_CXX_LIBRARY = "libc++";
				CLANG_ENABLE_MODULES = YES;
				CLANG_ENABLE_OBJC_ARC = YES;
				CLANG_WARN_BOOL_CONVERSION = YES;
				CLANG_WARN_CONSTANT_CONVERSION = YES;
				CLANG_WARN_DIRECT_OBJC_ISA_USAGE = YES_ERROR;
				CLANG_WARN_EMPTY_BODY = YES;
				CLANG_WARN_ENUM_CONVERSION = YES;
				CLANG_WARN_INT_CONVERSION = YES;
				CLANG_WARN_OBJC_ROOT_CLASS = YES_ERROR;
				CLANG_WARN__DUPLICATE_METHOD_MATCH = YES;
				"CODE_SIGN_IDENTITY[sdk=iphoneos*]" = "iPhone Developer";
				COPY_PHASE_STRIP = NO;
				GCC_C_LANGUAGE_STANDARD = gnu99;
				GCC_DYNAMIC_NO_PIC = NO;
				GCC_OPTIMIZATION_LEVEL = 0;
				GCC_PREPROCESSOR_DEFINITIONS = (
					"DEBUG=1",
					"$(inherited)",
				);
				GCC_SYMBOLS_PRIVATE_EXTERN = NO;
				GCC_WARN_64_TO_32_BIT_CONVERSION = YES;
				GCC_WARN_ABOUT_RETURN_TYPE = YES_ERROR;
				GCC_WARN_UNDECLARED_SELECTOR = YES;
				GCC_WARN_UNINITIALIZED_AUTOS = YES_AGGRESSIVE;
				GCC_WARN_UNUSED_FUNCTION = YES;
				GCC_WARN_UNUSED_VARIABLE = YES;
				IPHONEOS_DEPLOYMENT_TARGET = 7.1;
				ONLY_ACTIVE_ARCH = YES;
				SDKROOT = iphoneos;
			};
			name = Debug;
		};
		253662A619BE9A1900A1EF0F /* Release */ = {
			isa = XCBuildConfiguration;
			buildSettings = {
				ALWAYS_SEARCH_USER_PATHS = NO;
				CLANG_CXX_LANGUAGE_STANDARD = "gnu++0x";
				CLANG_CXX_LIBRARY = "libc++";
				CLANG_ENABLE_MODULES = YES;
				CLANG_ENABLE_OBJC_ARC = YES;
				CLANG_WARN_BOOL_CONVERSION = YES;
				CLANG_WARN_CONSTANT_CONVERSION = YES;
				CLANG_WARN_DIRECT_OBJC_ISA_USAGE = YES_ERROR;
				CLANG_WARN_EMPTY_BODY = YES;
				CLANG_WARN_ENUM_CONVERSION = YES;
				CLANG_WARN_INT_CONVERSION = YES;
				CLANG_WARN_OBJC_ROOT_CLASS = YES_ERROR;
				CLANG_WARN__DUPLICATE_METHOD_MATCH = YES;
				"CODE_SIGN_IDENTITY[sdk=iphoneos*]" = "iPhone Developer";
				COPY_PHASE_STRIP = YES;
				ENABLE_NS_ASSERTIONS = NO;
				GCC_C_LANGUAGE_STANDARD = gnu99;
				GCC_WARN_64_TO_32_BIT_CONVERSION = YES;
				GCC_WARN_ABOUT_RETURN_TYPE = YES_ERROR;
				GCC_WARN_UNDECLARED_SELECTOR = YES;
				GCC_WARN_UNINITIALIZED_AUTOS = YES_AGGRESSIVE;
				GCC_WARN_UNUSED_FUNCTION = YES;
				GCC_WARN_UNUSED_VARIABLE = YES;
				IPHONEOS_DEPLOYMENT_TARGET = 7.1;
				SDKROOT = iphoneos;
				VALIDATE_PRODUCT = YES;
			};
			name = Release;
		};
		253662A819BE9A1900A1EF0F /* Debug */ = {
			isa = XCBuildConfiguration;
			buildSettings = {
				ASSETCATALOG_COMPILER_APPICON_NAME = AppIcon;
				ASSETCATALOG_COMPILER_LAUNCHIMAGE_NAME = LaunchImage;
				GCC_PRECOMPILE_PREFIX_HEADER = YES;
				GCC_PREFIX_HEADER = "数字金额转换/数字金额转换-Prefix.pch";
				INFOPLIST_FILE = "数字金额转换/数字金额转换-Info.plist";
				PRODUCT_NAME = "$(TARGET_NAME)";
				WRAPPER_EXTENSION = app;
			};
			name = Debug;
		};
		253662A919BE9A1900A1EF0F /* Release */ = {
			isa = XCBuildConfiguration;
			buildSettings = {
				ASSETCATALOG_COMPILER_APPICON_NAME = AppIcon;
				ASSETCATALOG_COMPILER_LAUNCHIMAGE_NAME = LaunchImage;
				GCC_PRECOMPILE_PREFIX_HEADER = YES;
				GCC_PREFIX_HEADER = "数字金额转换/数字金额转换-Prefix.pch";
				INFOPLIST_FILE = "数字金额转换/数字金额转换-Info.plist";
				PRODUCT_NAME = "$(TARGET_NAME)";
				WRAPPER_EXTENSION = app;
			};
			name = Release;
		};
		253662AB19BE9A1900A1EF0F /* Debug */ = {
			isa = XCBuildConfiguration;
			buildSettings = {
				BUNDLE_LOADER = "$(BUILT_PRODUCTS_DIR)/数字金额转换.app/数字金额转换";
				FRAMEWORK_SEARCH_PATHS = (
					"$(SDKROOT)/Developer/Library/Frameworks",
					"$(inherited)",
				);
				GCC_PRECOMPILE_PREFIX_HEADER = YES;
				GCC_PREFIX_HEADER = "数字金额转换/数字金额转换-Prefix.pch";
				GCC_PREPROCESSOR_DEFINITIONS = (
					"DEBUG=1",
					"$(inherited)",
				);
				INFOPLIST_FILE = "数字金额转换Tests/数字金额转换Tests-Info.plist";
				PRODUCT_NAME = "$(TARGET_NAME)";
				TEST_HOST = "$(BUNDLE_LOADER)";
				WRAPPER_EXTENSION = xctest;
			};
			name = Debug;
		};
		253662AC19BE9A1900A1EF0F /* Release */ = {
			isa = XCBuildConfiguration;
			buildSettings = {
				BUNDLE_LOADER = "$(BUILT_PRODUCTS_DIR)/数字金额转换.app/数字金额转换";
				FRAMEWORK_SEARCH_PATHS = (
					"$(SDKROOT)/Developer/Library/Frameworks",
					"$(inherited)",
				);
				GCC_PRECOMPILE_PREFIX_HEADER = YES;
				GCC_PREFIX_HEADER = "数字金额转换/数字金额转换-Prefix.pch";
				INFOPLIST_FILE = "数字金额转换Tests/数字金额转换Tests-Info.plist";
				PRODUCT_NAME = "$(TARGET_NAME)";
				TEST_HOST = "$(BUNDLE_LOADER)";
				WRAPPER_EXTENSION = xctest;
			};
			name = Release;
		};
/* End XCBuildConfiguration section */

/* Begin XCConfigurationList section */
		2536627019BE9A1800A1EF0F /* Build configuration list for PBXProject "数字金额转换" */ = {
			isa = XCConfigurationList;
			buildConfigurations = (
				253662A519BE9A1900A1EF0F /* Debug */,
				253662A619BE9A1900A1EF0F /* Release */,
			);
			defaultConfigurationIsVisible = 0;
			defaultConfigurationName = Release;
		};
		253662A719BE9A1900A1EF0F /* Build configuration list for PBXNativeTarget "数字金额转换" */ = {
			isa = XCConfigurationList;
			buildConfigurations = (
				253662A819BE9A1900A1EF0F /* Debug */,
				253662A919BE9A1900A1EF0F /* Release */,
			);
			defaultConfigurationIsVisible = 0;
		};
		253662AA19BE9A1900A1EF0F /* Build configuration list for PBXNativeTarget "数字金额转换Tests" */ = {
			isa = XCConfigurationList;
			buildConfigurations = (
				253662AB19BE9A1900A1EF0F /* Debug */,
				253662AC19BE9A1900A1EF0F /* Release */,
			);
			defaultConfigurationIsVisible = 0;
		};
/* End XCConfigurationList section */
	};
	rootObject = 2536626D19BE9A1800A1EF0F /* Project object */;
}
